
Microsoft Visual Studio Solution File, Format Version 12.00
# Visual Studio 14
VisualStudioVersion = 14.0.23107.0
MinimumVisualStudioVersion = 10.0.40219.1
Project("{F088123C-0E9E-452A-89E6-6BA2F21D5CAC}") = "TrackingSystem", "TrackingSystem\TrackingSystem.modelproj", "{69715805-0677-40F2-98CF-F569B8A02379}"
EndProject
Project("{FAE04EC0-301F-11D3-BF4B-00C04F79EFBC}") = "TrackingSystemLib", "TrackingSystemLib\TrackingSystemLib.csproj", "{00183FD5-ACF0-43F4-A6A2-1847EC015028}"
EndProject
Global
	GlobalSection(SolutionConfigurationPlatforms) = preSolution
		Debug|Any CPU = Debug|Any CPU
		Release|Any CPU = Release|Any CPU
	EndGlobalSection
	GlobalSection(ProjectConfigurationPlatforms) = postSolution
		{69715805-0677-40F2-98CF-F569B8A02379}.Debug|Any CPU.ActiveCfg = Debug|Any CPU
		{69715805-0677-40F2-98CF-F569B8A02379}.Debug|Any CPU.Build.0 = Debug|Any CPU
		{69715805-0677-40F2-98CF-F569B8A02379}.Release|Any CPU.ActiveCfg = Release|Any CPU
		{69715805-0677-40F2-98CF-F569B8A02379}.Release|Any CPU.Build.0 = Release|Any CPU
		{00183FD5-ACF0-43F4-A6A2-1847EC015028}.Debug|Any CPU.ActiveCfg = Debug|Any CPU
		{00183FD5-ACF0-43F4-A6A2-1847EC015028}.Debug|Any CPU.Build.0 = Debug|Any CPU
		{00183FD5-ACF0-43F4-A6A2-1847EC015028}.Release|Any CPU.ActiveCfg = Release|Any CPU
		{00183FD5-ACF0-43F4-A6A2-1847EC015028}.Release|Any CPU.Build.0 = Release|Any CPU
	EndGlobalSection
	GlobalSection(SolutionProperties) = preSolution
		HideSolutionNode = FALSE
	EndGlobalSection
EndGlobal
